
Microsoft Visual Studio Solution File, Format Version 12.00
# Visual Studio Version 17
VisualStudioVersion = 17.1.32228.430
MinimumVisualStudioVersion = 10.0.40219.1
Project("{FAE04EC0-301F-11D3-BF4B-00C04F79EFBC}") = "Calculo_de_IMC", "Calculo_de_IMC\Calculo_de_IMC.csproj", "{7F32C0AD-DD27-49EB-8D77-7C2631C4A6F3}"
EndProject
Global
	GlobalSection(SolutionConfigurationPlatforms) = preSolution
		Debug|Any CPU = Debug|Any CPU
		Release|Any CPU = Release|Any CPU
	EndGlobalSection
	GlobalSection(ProjectConfigurationPlatforms) = postSolution
		{7F32C0AD-DD27-49EB-8D77-7C2631C4A6F3}.Debug|Any CPU.ActiveCfg = Debug|Any CPU
		{7F32C0AD-DD27-49EB-8D77-7C2631C4A6F3}.Debug|Any CPU.Build.0 = Debug|Any CPU
		{7F32C0AD-DD27-49EB-8D77-7C2631C4A6F3}.Release|Any CPU.ActiveCfg = Release|Any CPU
		{7F32C0AD-DD27-49EB-8D77-7C2631C4A6F3}.Release|Any CPU.Build.0 = Release|Any CPU
	EndGlobalSection
	GlobalSection(SolutionProperties) = preSolution
		HideSolutionNode = FALSE
	EndGlobalSection
	GlobalSection(ExtensibilityGlobals) = postSolution
		SolutionGuid = {1A6DD1A0-6473-44EF-9C4D-6B2F81C1992B}
	EndGlobalSection
EndGlobal
